
Microsoft Visual Studio Solution File, Format Version 11.00
# Visual Studio 2010
Project("{FAE04EC0-301F-11D3-BF4B-00C04F79EFBC}") = "EFMagicGlue", "EFMagicGlue\EFMagicGlue.csproj", "{77F0D994-8A00-4456-8B22-8AAB673CFB7A}"
EndProject
Project("{FAE04EC0-301F-11D3-BF4B-00C04F79EFBC}") = "EFMagicGlue.Web", "EFMagicGlue.Web\EFMagicGlue.Web.csproj", "{5C5E6346-F83B-4926-A540-B8AB60385820}"
EndProject
Global
	GlobalSection(SolutionConfigurationPlatforms) = preSolution
		Debug|Any CPU = Debug|Any CPU
		Release|Any CPU = Release|Any CPU
	EndGlobalSection
	GlobalSection(ProjectConfigurationPlatforms) = postSolution
		{77F0D994-8A00-4456-8B22-8AAB673CFB7A}.Debug|Any CPU.ActiveCfg = Debug|Any CPU
		{77F0D994-8A00-4456-8B22-8AAB673CFB7A}.Debug|Any CPU.Build.0 = Debug|Any CPU
		{77F0D994-8A00-4456-8B22-8AAB673CFB7A}.Release|Any CPU.ActiveCfg = Release|Any CPU
		{77F0D994-8A00-4456-8B22-8AAB673CFB7A}.Release|Any CPU.Build.0 = Release|Any CPU
		{5C5E6346-F83B-4926-A540-B8AB60385820}.Debug|Any CPU.ActiveCfg = Debug|Any CPU
		{5C5E6346-F83B-4926-A540-B8AB60385820}.Debug|Any CPU.Build.0 = Debug|Any CPU
		{5C5E6346-F83B-4926-A540-B8AB60385820}.Release|Any CPU.ActiveCfg = Release|Any CPU
		{5C5E6346-F83B-4926-A540-B8AB60385820}.Release|Any CPU.Build.0 = Release|Any CPU
	EndGlobalSection
	GlobalSection(SolutionProperties) = preSolution
		HideSolutionNode = FALSE
	EndGlobalSection
EndGlobal
